
Microsoft Visual Studio Solution File, Format Version 12.00
# Visual Studio Version 17
VisualStudioVersion = 17.1.32228.430
MinimumVisualStudioVersion = 10.0.40219.1
Project("{9A19103F-16F7-4668-BE54-9A1E7A4F7556}") = "testProjectBack", "Proj3\testProjectBack.csproj", "{8DB0D808-9562-4EA3-8124-E160AEE70DCD}"
EndProject
Project("{2150E333-8FDC-42A3-9474-1A3956D46DE8}") = "Solution Items", "Solution Items", "{0BE64CC8-0AF7-4F6D-B70D-255BA682CE58}"
	ProjectSection(SolutionItems) = preProject
		docker-compose.yml = docker-compose.yml
	EndProjectSection
EndProject
Global
	GlobalSection(SolutionConfigurationPlatforms) = preSolution
		Debug|Any CPU = Debug|Any CPU
		Release|Any CPU = Release|Any CPU
	EndGlobalSection
	GlobalSection(ProjectConfigurationPlatforms) = postSolution
		{8DB0D808-9562-4EA3-8124-E160AEE70DCD}.Debug|Any CPU.ActiveCfg = Debug|Any CPU
		{8DB0D808-9562-4EA3-8124-E160AEE70DCD}.Debug|Any CPU.Build.0 = Debug|Any CPU
		{8DB0D808-9562-4EA3-8124-E160AEE70DCD}.Release|Any CPU.ActiveCfg = Release|Any CPU
		{8DB0D808-9562-4EA3-8124-E160AEE70DCD}.Release|Any CPU.Build.0 = Release|Any CPU
	EndGlobalSection
	GlobalSection(SolutionProperties) = preSolution
		HideSolutionNode = FALSE
	EndGlobalSection
	GlobalSection(ExtensibilityGlobals) = postSolution
		SolutionGuid = {D9CD1A06-4AB6-468D-8959-A22F6EC3EC40}
	EndGlobalSection
EndGlobal
